// !$*UTF8*$!
{
	archiveVersion = 1;
	classes = {
	};
	objectVersion = 77;
	objects = {

/* Begin PBXBuildFile section */
		A10000012FEA4E660006266B /* ActivityTrackerWidget.appex in Embed Foundation Extensions */ = {isa = PBXBuildFile; fileRef = A10000022FEA4E660006266B /* ActivityTrackerWidget.appex */; settings = {ATTRIBUTES = (RemoveHeadersOnCopy, ); }; };
/* End PBXBuildFile section */

/* Begin PBXContainerItemProxy section */
		6DB029892FEA4E660006266B /* PBXContainerItemProxy */ = {
			isa = PBXContainerItemProxy;
			containerPortal = 6DB029732FEA4E640006266B /* Project object */;
			proxyType = 1;
			remoteGlobalIDString = 6DB0297A2FEA4E640006266B;
			remoteInfo = StravaClone2;
		};
		6DB029932FEA4E660006266B /* PBXContainerItemProxy */ = {
			isa = PBXContainerItemProxy;
			containerPortal = 6DB029732FEA4E640006266B /* Project object */;
			proxyType = 1;
			remoteGlobalIDString = 6DB0297A2FEA4E640006266B;
			remoteInfo = StravaClone2;
		};
		A10000032FEA4E660006266B /* PBXContainerItemProxy */ = {
			isa = PBXContainerItemProxy;
			containerPortal = 6DB029732FEA4E640006266B /* Project object */;
			proxyType = 1;
			remoteGlobalIDString = A10000042FEA4E660006266B;
			remoteInfo = ActivityTrackerWidget;
		};
/* End PBXContainerItemProxy section */

/* Begin PBXCopyFilesBuildPhase section */
		A10000052FEA4E660006266B /* Embed Foundation Extensions */ = {
			isa = PBXCopyFilesBuildPhase;
			buildActionMask = 2147483647;
			dstPath = "";
			dstSubfolderSpec = 13;
			files = (
				A10000012FEA4E660006266B /* ActivityTrackerWidget.appex in Embed Foundation Extensions */,
			);
			name = "Embed Foundation Extensions";
			runOnlyForDeploymentPostprocessing = 0;
		};
/* End PBXCopyFilesBuildPhase section */

/* Begin PBXFileReference section */
		6DB0297B2FEA4E640006266B /* StravaClone2.app */ = {isa = PBXFileReference; explicitFileType = wrapper.application; includeInIndex = 0; path = StravaClone2.app; sourceTree = BUILT_PRODUCTS_DIR; };
		6DB029882FEA4E660006266B /* StravaClone2Tests.xctest */ = {isa = PBXFileReference; explicitFileType = wrapper.cfbundle; includeInIndex = 0; path = StravaClone2Tests.xctest; sourceTree = BUILT_PRODUCTS_DIR; };
		6DB029922FEA4E660006266B /* StravaClone2UITests.xctest */ = {isa = PBXFileReference; explicitFileType = wrapper.cfbundle; includeInIndex = 0; path = StravaClone2UITests.xctest; sourceTree = BUILT_PRODUCTS_DIR; };
		A10000022FEA4E660006266B /* ActivityTrackerWidget.appex */ = {isa = PBXFileReference; explicitFileType = "wrapper.app-extension"; includeInIndex = 0; path = ActivityTrackerWidget.appex; sourceTree = BUILT_PRODUCTS_DIR; };
/* End PBXFileReference section */

/* Begin PBXFileSystemSynchronizedRootGroup section */
		6DB0297D2FEA4E640006266B /* StravaClone2 */ = {
			isa = PBXFileSystemSynchronizedRootGroup;
			path = StravaClone2;
			sourceTree = "<group>";
		};
		6DB0298B2FEA4E660006266B /* StravaClone2Tests */ = {
			isa = PBXFileSystemSynchronizedRootGroup;
			path = StravaClone2Tests;
			sourceTree = "<group>";
		};
		6DB029952FEA4E660006266B /* StravaClone2UITests */ = {
			isa = PBXFileSystemSynchronizedRootGroup;
			path = StravaClone2UITests;
			sourceTree = "<group>";
		};
		A10000082FEA4E660006266B /* ActivityTrackerWidget */ = {
			isa = PBXFileSystemSynchronizedRootGroup;
			path = ActivityTrackerWidget;
			sourceTree = "<group>";
		};
/* End PBXFileSystemSynchronizedRootGroup section */

/* Begin PBXFrameworksBuildPhase section */
		6DB029782FEA4E640006266B /* Frameworks */ = {
			isa = PBXFrameworksBuildPhase;
			buildActionMask = 2147483647;
			files = (
			);
			runOnlyForDeploymentPostprocessing = 0;
		};
		6DB029852FEA4E660006266B /* Frameworks */ = {
			isa = PBXFrameworksBuildPhase;
			buildActionMask = 2147483647;
			files = (
			);
			runOnlyForDeploymentPostprocessing = 0;
		};
		6DB0298F2FEA4E660006266B /* Frameworks */ = {
			isa = PBXFrameworksBuildPhase;
			buildActionMask = 2147483647;
			files = (
			);
			runOnlyForDeploymentPostprocessing = 0;
		};
		A10000092FEA4E660006266B /* Frameworks */ = {
			isa = PBXFrameworksBuildPhase;
			buildActionMask = 2147483647;
			files = (
			);
			runOnlyForDeploymentPostprocessing = 0;
		};
/* End PBXFrameworksBuildPhase section */

/* Begin PBXGroup section */
		6DB029722FEA4E640006266B = {
			isa = PBXGroup;
			children = (
				6DB0297D2FEA4E640006266B /* StravaClone2 */,
				A10000082FEA4E660006266B /* ActivityTrackerWidget */,
				6DB0298B2FEA4E660006266B /* StravaClone2Tests */,
				6DB029952FEA4E660006266B /* StravaClone2UITests */,
				6DB0297C2FEA4E640006266B /* Products */,
			);
			sourceTree = "<group>";
		};
		6DB0297C2FEA4E640006266B /* Products */ = {
			isa = PBXGroup;
			children = (
				6DB0297B2FEA4E640006266B /* StravaClone2.app */,
				A10000022FEA4E660006266B /* ActivityTrackerWidget.appex */,
				6DB029882FEA4E660006266B /* StravaClone2Tests.xctest */,
				6DB029922FEA4E660006266B /* StravaClone2UITests.xctest */,
			);
			name = Products;
			sourceTree = "<group>";
		};
/* End PBXGroup section */

/* Begin PBXNativeTarget section */
		6DB0297A2FEA4E640006266B /* StravaClone2 */ = {
			isa = PBXNativeTarget;
			buildConfigurationList = 6DB0299C2FEA4E660006266B /* Build configuration list for PBXNativeTarget "StravaClone2" */;
			buildPhases = (
				6DB029772FEA4E640006266B /* Sources */,
				6DB029782FEA4E640006266B /* Frameworks */,
				6DB029792FEA4E640006266B /* Resources */,
				A10000052FEA4E660006266B /* Embed Foundation Extensions */,
			);
			buildRules = (
			);
			dependencies = (
				A10000062FEA4E660006266B /* PBXTargetDependency */,
			);
			fileSystemSynchronizedGroups = (
				6DB0297D2FEA4E640006266B /* StravaClone2 */,
			);
			name = StravaClone2;
			packageProductDependencies = (
			);
			productName = StravaClone2;
			productReference = 6DB0297B2FEA4E640006266B /* StravaClone2.app */;
			productType = "com.apple.product-type.application";
		};
		6DB029872FEA4E660006266B /* StravaClone2Tests */ = {
			isa = PBXNativeTarget;
			buildConfigurationList = 6DB0299F2FEA4E660006266B /* Build configuration list for PBXNativeTarget "StravaClone2Tests" */;
			buildPhases = (
				6DB029842FEA4E660006266B /* Sources */,
				6DB029852FEA4E660006266B /* Frameworks */,
				6DB029862FEA4E660006266B /* Resources */,
			);
			buildRules = (
			);
			dependencies = (
				6DB0298A2FEA4E660006266B /* PBXTargetDependency */,
			);
			fileSystemSynchronizedGroups = (
				6DB0298B2FEA4E660006266B /* StravaClone2Tests */,
			);
			name = StravaClone2Tests;
			packageProductDependencies = (
			);
			productName = StravaClone2Tests;
			productReference = 6DB029882FEA4E660006266B /* StravaClone2Tests.xctest */;
			productType = "com.apple.product-type.bundle.unit-test";
		};
		6DB029912FEA4E660006266B /* StravaClone2UITests */ = {
			isa = PBXNativeTarget;
			buildConfigurationList = 6DB029A22FEA4E660006266B /* Build configuration list for PBXNativeTarget "StravaClone2UITests" */;
			buildPhases = (
				6DB0298E2FEA4E660006266B /* Sources */,
				6DB0298F2FEA4E660006266B /* Frameworks */,
				6DB029902FEA4E660006266B /* Resources */,
			);
			buildRules = (
			);
			dependencies = (
				6DB029942FEA4E660006266B /* PBXTargetDependency */,
			);
			fileSystemSynchronizedGroups = (
				6DB029952FEA4E660006266B /* StravaClone2UITests */,
			);
			name = StravaClone2UITests;
			packageProductDependencies = (
			);
			productName = StravaClone2UITests;
			productReference = 6DB029922FEA4E660006266B /* StravaClone2UITests.xctest */;
			productType = "com.apple.product-type.bundle.ui-testing";
		};
		A10000042FEA4E660006266B /* ActivityTrackerWidget */ = {
			isa = PBXNativeTarget;
			buildConfigurationList = A10000142FEA4E660006266B /* Build configuration list for PBXNativeTarget "ActivityTrackerWidget" */;
			buildPhases = (
				A10000102FEA4E660006266B /* Sources */,
				A10000092FEA4E660006266B /* Frameworks */,
				A10000112FEA4E660006266B /* Resources */,
			);
			buildRules = (
			);
			dependencies = (
			);
			fileSystemSynchronizedGroups = (
				A10000082FEA4E660006266B /* ActivityTrackerWidget */,
			);
			name = ActivityTrackerWidget;
			packageProductDependencies = (
			);
			productName = ActivityTrackerWidget;
			productReference = A10000022FEA4E660006266B /* ActivityTrackerWidget.appex */;
			productType = "com.apple.product-type.app-extension";
		};
/* End PBXNativeTarget section */

/* Begin PBXProject section */
		6DB029732FEA4E640006266B /* Project object */ = {
			isa = PBXProject;
			attributes = {
				BuildIndependentTargetsInParallel = 1;
				LastSwiftUpdateCheck = 2600;
				LastUpgradeCheck = 2600;
				TargetAttributes = {
					6DB0297A2FEA4E640006266B = {
						CreatedOnToolsVersion = 26.0;
					};
					6DB029872FEA4E660006266B = {
						CreatedOnToolsVersion = 26.0;
						TestTargetID = 6DB0297A2FEA4E640006266B;
					};
					6DB029912FEA4E660006266B = {
						CreatedOnToolsVersion = 26.0;
						TestTargetID = 6DB0297A2FEA4E640006266B;
					};
					A10000042FEA4E660006266B = {
						CreatedOnToolsVersion = 26.0;
					};
				};
			};
			buildConfigurationList = 6DB029762FEA4E640006266B /* Build configuration list for PBXProject "StravaClone2" */;
			developmentRegion = en;
			hasScannedForEncodings = 0;
			knownRegions = (
				en,
				Base,
			);
			mainGroup = 6DB029722FEA4E640006266B;
			minimizedProjectReferenceProxies = 1;
			preferredProjectObjectVersion = 77;
			productRefGroup = 6DB0297C2FEA4E640006266B /* Products */;
			projectDirPath = "";
			projectRoot = "";
			targets = (
				6DB0297A2FEA4E640006266B /* StravaClone2 */,
				A10000042FEA4E660006266B /* ActivityTrackerWidget */,
				6DB029872FEA4E660006266B /* StravaClone2Tests */,
				6DB029912FEA4E660006266B /* StravaClone2UITests */,
			);
		};
/* End PBXProject section */

/* Begin PBXResourcesBuildPhase section */
		6DB029792FEA4E640006266B /* Resources */ = {
			isa = PBXResourcesBuildPhase;
			buildActionMask = 2147483647;
			files = (
			);
			runOnlyForDeploymentPostprocessing = 0;
		};
		6DB029862FEA4E660006266B /* Resources */ = {
			isa = PBXResourcesBuildPhase;
			buildActionMask = 2147483647;
			files = (
			);
			runOnlyForDeploymentPostprocessing = 0;
		};
		6DB029902FEA4E660006266B /* Resources */ = {
			isa = PBXResourcesBuildPhase;
			buildActionMask = 2147483647;
			files = (
			);
			runOnlyForDeploymentPostprocessing = 0;
		};
		A10000112FEA4E660006266B /* Resources */ = {
			isa = PBXResourcesBuildPhase;
			buildActionMask = 2147483647;
			files = (
			);
			runOnlyForDeploymentPostprocessing = 0;
		};
/* End PBXResourcesBuildPhase section */

/* Begin PBXSourcesBuildPhase section */
		6DB029772FEA4E640006266B /* Sources */ = {
			isa = PBXSourcesBuildPhase;
			buildActionMask = 2147483647;
			files = (
			);
			runOnlyForDeploymentPostprocessing = 0;
		};
		6DB029842FEA4E660006266B /* Sources */ = {
			isa = PBXSourcesBuildPhase;
			buildActionMask = 2147483647;
			files = (
			);
			runOnlyForDeploymentPostprocessing = 0;
		};
		6DB0298E2FEA4E660006266B /* Sources */ = {
			isa = PBXSourcesBuildPhase;
			buildActionMask = 2147483647;
			files = (
			);
			runOnlyForDeploymentPostprocessing = 0;
		};
		A10000102FEA4E660006266B /* Sources */ = {
			isa = PBXSourcesBuildPhase;
			buildActionMask = 2147483647;
			files = (
			);
			runOnlyForDeploymentPostprocessing = 0;
		};
/* End PBXSourcesBuildPhase section */

/* Begin PBXTargetDependency section */
		6DB0298A2FEA4E660006266B /* PBXTargetDependency */ = {
			isa = PBXTargetDependency;
			target = 6DB0297A2FEA4E640006266B /* StravaClone2 */;
			targetProxy = 6DB029892FEA4E660006266B /* PBXContainerItemProxy */;
		};
		6DB029942FEA4E660006266B /* PBXTargetDependency */ = {
			isa = PBXTargetDependency;
			target = 6DB0297A2FEA4E640006266B /* StravaClone2 */;
			targetProxy = 6DB029932FEA4E660006266B /* PBXContainerItemProxy */;
		};
		A10000062FEA4E660006266B /* PBXTargetDependency */ = {
			isa = PBXTargetDependency;
			target = A10000042FEA4E660006266B /* ActivityTrackerWidget */;
			targetProxy = A10000032FEA4E660006266B /* PBXContainerItemProxy */;
		};
/* End PBXTargetDependency section */

/* Begin XCBuildConfiguration section */
		6DB0299A2FEA4E660006266B /* Debug */ = {
			isa = XCBuildConfiguration;
			buildSettings = {
				ALWAYS_SEARCH_USER_PATHS = NO;
				ASSETCATALOG_COMPILER_GENERATE_SWIFT_ASSET_SYMBOL_EXTENSIONS = YES;
				CLANG_ANALYZER_NONNULL = YES;
				CLANG_ANALYZER_NUMBER_OBJECT_CONVERSION = YES_AGGRESSIVE;
				CLANG_CXX_LANGUAGE_STANDARD = "gnu++20";
				CLANG_ENABLE_MODULES = YES;
				CLANG_ENABLE_OBJC_ARC = YES;
				CLANG_ENABLE_OBJC_WEAK = YES;
				CLANG_WARN_BLOCK_CAPTURE_AUTORELEASING = YES;
				CLANG_WARN_BOOL_CONVERSION = YES;
				CLANG_WARN_COMMA = YES;
				CLANG_WARN_CONSTANT_CONVERSION = YES;
				CLANG_WARN_DEPRECATED_OBJC_IMPLEMENTATIONS = YES;
				CLANG_WARN_DIRECT_OBJC_ISA_USAGE = YES_ERROR;
				CLANG_WARN_DOCUMENTATION_COMMENTS = YES;
				CLANG_WARN_EMPTY_BODY = YES;
				CLANG_WARN_ENUM_CONVERSION = YES;
				CLANG_WARN_INFINITE_RECURSION = YES;
				CLANG_WARN_INT_CONVERSION = YES;
				CLANG_WARN_NON_LITERAL_NULL_CONVERSION = YES;
				CLANG_WARN_OBJC_IMPLICIT_RETAIN_SELF = YES;
				CLANG_WARN_OBJC_LITERAL_CONVERSION = YES;
				CLANG_WARN_OBJC_ROOT_CLASS = YES_ERROR;
				CLANG_WARN_QUOTED_INCLUDE_IN_FRAMEWORK_HEADER = YES;
				CLANG_WARN_RANGE_LOOP_ANALYSIS = YES;
				CLANG_WARN_STRICT_PROTOTYPES = YES;
				CLANG_WARN_SUSPICIOUS_MOVE = YES;
				CLANG_WARN_UNGUARDED_AVAILABILITY = YES_AGGRESSIVE;
				CLANG_WARN_UNREACHABLE_CODE = YES;
				CLANG_WARN__DUPLICATE_METHOD_MATCH = YES;
				COPY_PHASE_STRIP = NO;
				DEBUG_INFORMATION_FORMAT = dwarf;
				ENABLE_STRICT_OBJC_MSGSEND = YES;
				ENABLE_TESTABILITY = YES;
				ENABLE_USER_SCRIPT_SANDBOXING = NO;
				GCC_C_LANGUAGE_STANDARD = gnu17;
				GCC_DYNAMIC_NO_PIC = NO;
				GCC_NO_COMMON_BLOCKS = YES;
				GCC_OPTIMIZATION_LEVEL = 0;
				GCC_PREPROCESSOR_DEFINITIONS = (
					"DEBUG=1",
					"$(inherited)",
				);
				GCC_WARN_64_TO_32_BIT_CONVERSION = YES;
				GCC_WARN_ABOUT_RETURN_TYPE = YES_ERROR;
				GCC_WARN_UNDECLARED_SELECTOR = YES;
				GCC_WARN_UNINITIALIZED_AUTOS = YES_AGGRESSIVE;
				GCC_WARN_UNUSED_FUNCTION = YES;
				GCC_WARN_UNUSED_VARIABLE = YES;
				IPHONEOS_DEPLOYMENT_TARGET = 17.0;
				LOCALIZATION_PREFERS_STRING_CATALOGS = YES;
				MTL_ENABLE_DEBUG_INFO = INCLUDE_SOURCE;
				MTL_FAST_MATH = YES;
				ONLY_ACTIVE_ARCH = YES;
				SDKROOT = iphoneos;
				SWIFT_ACTIVE_COMPILATION_CONDITIONS = "DEBUG $(inherited)";
				SWIFT_OPTIMIZATION_LEVEL = "-Onone";
			};
			name = Debug;
		};
		6DB0299B2FEA4E660006266B /* Release */ = {
			isa = XCBuildConfiguration;
			buildSettings = {
				ALWAYS_SEARCH_USER_PATHS = NO;
				ASSETCATALOG_COMPILER_GENERATE_SWIFT_ASSET_SYMBOL_EXTENSIONS = YES;
				CLANG_ANALYZER_NONNULL = YES;
				CLANG_ANALYZER_NUMBER_OBJECT_CONVERSION = YES_AGGRESSIVE;
				CLANG_CXX_LANGUAGE_STANDARD = "gnu++20";
				CLANG_ENABLE_MODULES = YES;
				CLANG_ENABLE_OBJC_ARC = YES;
				CLANG_ENABLE_OBJC_WEAK = YES;
				CLANG_WARN_BLOCK_CAPTURE_AUTORELEASING = YES;
				CLANG_WARN_BOOL_CONVERSION = YES;
				CLANG_WARN_COMMA = YES;
				CLANG_WARN_CONSTANT_CONVERSION = YES;
				CLANG_WARN_DEPRECATED_OBJC_IMPLEMENTATIONS = YES;
				CLANG_WARN_DIRECT_OBJC_ISA_USAGE = YES_ERROR;
				CLANG_WARN_DOCUMENTATION_COMMENTS = YES;
				CLANG_WARN_EMPTY_BODY = YES;
				CLANG_WARN_ENUM_CONVERSION = YES;
				CLANG_WARN_INFINITE_RECURSION = YES;
				CLANG_WARN_INT_CONVERSION = YES;
				CLANG_WARN_NON_LITERAL_NULL_CONVERSION = YES;
				CLANG_WARN_OBJC_IMPLICIT_RETAIN_SELF = YES;
				CLANG_WARN_OBJC_LITERAL_CONVERSION = YES;
				CLANG_WARN_OBJC_ROOT_CLASS = YES_ERROR;
				CLANG_WARN_QUOTED_INCLUDE_IN_FRAMEWORK_HEADER = YES;
				CLANG_WARN_RANGE_LOOP_ANALYSIS = YES;
				CLANG_WARN_STRICT_PROTOTYPES = YES;
				CLANG_WARN_SUSPICIOUS_MOVE = YES;
				CLANG_WARN_UNGUARDED_AVAILABILITY = YES_AGGRESSIVE;
				CLANG_WARN_UNREACHABLE_CODE = YES;
				CLANG_WARN__DUPLICATE_METHOD_MATCH = YES;
				COPY_PHASE_STRIP = NO;
				DEBUG_INFORMATION_FORMAT = "dwarf-with-dsym";
				ENABLE_NS_ASSERTIONS = NO;
				ENABLE_STRICT_OBJC_MSGSEND = YES;
				ENABLE_USER_SCRIPT_SANDBOXING = NO;
				GCC_C_LANGUAGE_STANDARD = gnu17;
				GCC_NO_COMMON_BLOCKS = YES;
				GCC_WARN_64_TO_32_BIT_CONVERSION = YES;
				GCC_WARN_ABOUT_RETURN_TYPE = YES_ERROR;
				GCC_WARN_UNDECLARED_SELECTOR = YES;
				GCC_WARN_UNINITIALIZED_AUTOS = YES_AGGRESSIVE;
				GCC_WARN_UNUSED_FUNCTION = YES;
				GCC_WARN_UNUSED_VARIABLE = YES;
				IPHONEOS_DEPLOYMENT_TARGET = 17.0;
				LOCALIZATION_PREFERS_STRING_CATALOGS = YES;
				MTL_ENABLE_DEBUG_INFO = NO;
				MTL_FAST_MATH = YES;
				SDKROOT = iphoneos;
				SWIFT_COMPILATION_MODE = wholemodule;
				VALIDATE_PRODUCT = YES;
			};
			name = Release;
		};
		6DB0299D2FEA4E660006266B /* Debug */ = {
			isa = XCBuildConfiguration;
			buildSettings = {
				CODE_SIGN_ENTITLEMENTS = StravaClone2/StravaClone2.entitlements;
				CODE_SIGN_STYLE = Automatic;
				CURRENT_PROJECT_VERSION = 1;
				DEVELOPMENT_TEAM = N6TT2NY4A5;
				ENABLE_PREVIEWS = YES;
				GENERATE_INFOPLIST_FILE = NO;
				INFOPLIST_FILE = "Configuration/StravaClone2-Info.plist";
				INFOPLIST_KEY_UIApplicationSceneManifest_Generation = YES;
				INFOPLIST_KEY_UIApplicationSupportsIndirectInputEvents = YES;
				INFOPLIST_KEY_UILaunchScreen_Generation = YES;
				INFOPLIST_KEY_UISupportedInterfaceOrientations_iPad = "UIInterfaceOrientationPortrait UIInterfaceOrientationPortraitUpsideDown UIInterfaceOrientationLandscapeLeft UIInterfaceOrientationLandscapeRight";
				INFOPLIST_KEY_UISupportedInterfaceOrientations_iPhone = "UIInterfaceOrientationPortrait UIInterfaceOrientationLandscapeLeft UIInterfaceOrientationLandscapeRight";
				LD_RUNPATH_SEARCH_PATHS = (
					"$(inherited)",
					"@executable_path/Frameworks",
				);
				MARKETING_VERSION = 1.0;
				PRODUCT_BUNDLE_IDENTIFIER = com.dutiheo.activitytracker;
				PRODUCT_NAME = "$(TARGET_NAME)";
				STRING_CATALOG_GENERATE_SYMBOLS = YES;
				SWIFT_APPROACHABLE_CONCURRENCY = YES;
				SWIFT_DEFAULT_ACTOR_ISOLATION = MainActor;
				SWIFT_EMIT_LOC_STRINGS = YES;
				SWIFT_UPCOMING_FEATURE_MEMBER_IMPORT_VISIBILITY = YES;
				SWIFT_VERSION = 5.0;
				TARGETED_DEVICE_FAMILY = "1,2";
			};
			name = Debug;
		};
		6DB0299E2FEA4E660006266B /* Release */ = {
			isa = XCBuildConfiguration;
			buildSettings = {
				CODE_SIGN_ENTITLEMENTS = StravaClone2/StravaClone2.entitlements;
				CODE_SIGN_STYLE = Automatic;
				CURRENT_PROJECT_VERSION = 1;
				DEVELOPMENT_TEAM = N6TT2NY4A5;
				ENABLE_PREVIEWS = YES;
				GENERATE_INFOPLIST_FILE = NO;
				INFOPLIST_FILE = "Configuration/StravaClone2-Info.plist";
				INFOPLIST_KEY_UIApplicationSceneManifest_Generation = YES;
				INFOPLIST_KEY_UIApplicationSupportsIndirectInputEvents = YES;
				INFOPLIST_KEY_UILaunchScreen_Generation = YES;
				INFOPLIST_KEY_UISupportedInterfaceOrientations_iPad = "UIInterfaceOrientationPortrait UIInterfaceOrientationPortraitUpsideDown UIInterfaceOrientationLandscapeLeft UIInterfaceOrientationLandscapeRight";
				INFOPLIST_KEY_UISupportedInterfaceOrientations_iPhone = "UIInterfaceOrientationPortrait UIInterfaceOrientationLandscapeLeft UIInterfaceOrientationLandscapeRight";
				LD_RUNPATH_SEARCH_PATHS = (
					"$(inherited)",
					"@executable_path/Frameworks",
				);
				MARKETING_VERSION = 1.0;
				PRODUCT_BUNDLE_IDENTIFIER = com.dutiheo.activitytracker;
				PRODUCT_NAME = "$(TARGET_NAME)";
				STRING_CATALOG_GENERATE_SYMBOLS = YES;
				SWIFT_APPROACHABLE_CONCURRENCY = YES;
				SWIFT_DEFAULT_ACTOR_ISOLATION = MainActor;
				SWIFT_EMIT_LOC_STRINGS = YES;
				SWIFT_UPCOMING_FEATURE_MEMBER_IMPORT_VISIBILITY = YES;
				SWIFT_VERSION = 5.0;
				TARGETED_DEVICE_FAMILY = "1,2";
			};
			name = Release;
		};
		6DB029A02FEA4E660006266B /* Debug */ = {
			isa = XCBuildConfiguration;
			buildSettings = {
				BUNDLE_LOADER = "$(TEST_HOST)";
				CODE_SIGN_STYLE = Automatic;
				CURRENT_PROJECT_VERSION = 1;
				GENERATE_INFOPLIST_FILE = YES;
				IPHONEOS_DEPLOYMENT_TARGET = 17.0;
				MARKETING_VERSION = 1.0;
				PRODUCT_BUNDLE_IDENTIFIER = com.dutiheo.activitytracker.tests;
				PRODUCT_NAME = "$(TARGET_NAME)";
				STRING_CATALOG_GENERATE_SYMBOLS = NO;
				SWIFT_APPROACHABLE_CONCURRENCY = YES;
				SWIFT_EMIT_LOC_STRINGS = NO;
				SWIFT_UPCOMING_FEATURE_MEMBER_IMPORT_VISIBILITY = YES;
				SWIFT_VERSION = 5.0;
				TARGETED_DEVICE_FAMILY = "1,2";
				TEST_HOST = "$(BUILT_PRODUCTS_DIR)/StravaClone2.app/$(BUNDLE_EXECUTABLE_FOLDER_PATH)/StravaClone2";
			};
			name = Debug;
		};
		6DB029A12FEA4E660006266B /* Release */ = {
			isa = XCBuildConfiguration;
			buildSettings = {
				BUNDLE_LOADER = "$(TEST_HOST)";
				CODE_SIGN_STYLE = Automatic;
				CURRENT_PROJECT_VERSION = 1;
				GENERATE_INFOPLIST_FILE = YES;
				IPHONEOS_DEPLOYMENT_TARGET = 17.0;
				MARKETING_VERSION = 1.0;
				PRODUCT_BUNDLE_IDENTIFIER = com.dutiheo.activitytracker.tests;
				PRODUCT_NAME = "$(TARGET_NAME)";
				STRING_CATALOG_GENERATE_SYMBOLS = NO;
				SWIFT_APPROACHABLE_CONCURRENCY = YES;
				SWIFT_EMIT_LOC_STRINGS = NO;
				SWIFT_UPCOMING_FEATURE_MEMBER_IMPORT_VISIBILITY = YES;
				SWIFT_VERSION = 5.0;
				TARGETED_DEVICE_FAMILY = "1,2";
				TEST_HOST = "$(BUILT_PRODUCTS_DIR)/StravaClone2.app/$(BUNDLE_EXECUTABLE_FOLDER_PATH)/StravaClone2";
			};
			name = Release;
		};
		6DB029A32FEA4E660006266B /* Debug */ = {
			isa = XCBuildConfiguration;
			buildSettings = {
				CODE_SIGN_STYLE = Automatic;
				CURRENT_PROJECT_VERSION = 1;
				GENERATE_INFOPLIST_FILE = YES;
				MARKETING_VERSION = 1.0;
				PRODUCT_BUNDLE_IDENTIFIER = com.dutiheo.activitytracker.uitests;
				PRODUCT_NAME = "$(TARGET_NAME)";
				STRING_CATALOG_GENERATE_SYMBOLS = NO;
				SWIFT_APPROACHABLE_CONCURRENCY = YES;
				SWIFT_EMIT_LOC_STRINGS = NO;
				SWIFT_UPCOMING_FEATURE_MEMBER_IMPORT_VISIBILITY = YES;
				SWIFT_VERSION = 5.0;
				TARGETED_DEVICE_FAMILY = "1,2";
				TEST_TARGET_NAME = StravaClone2;
			};
			name = Debug;
		};
		6DB029A42FEA4E660006266B /* Release */ = {
			isa = XCBuildConfiguration;
			buildSettings = {
				CODE_SIGN_STYLE = Automatic;
				CURRENT_PROJECT_VERSION = 1;
				GENERATE_INFOPLIST_FILE = YES;
				MARKETING_VERSION = 1.0;
				PRODUCT_BUNDLE_IDENTIFIER = com.dutiheo.activitytracker.uitests;
				PRODUCT_NAME = "$(TARGET_NAME)";
				STRING_CATALOG_GENERATE_SYMBOLS = NO;
				SWIFT_APPROACHABLE_CONCURRENCY = YES;
				SWIFT_EMIT_LOC_STRINGS = NO;
				SWIFT_UPCOMING_FEATURE_MEMBER_IMPORT_VISIBILITY = YES;
				SWIFT_VERSION = 5.0;
				TARGETED_DEVICE_FAMILY = "1,2";
				TEST_TARGET_NAME = StravaClone2;
			};
			name = Release;
		};
		A10000122FEA4E660006266B /* Debug */ = {
			isa = XCBuildConfiguration;
			buildSettings = {
				APPLICATION_EXTENSION_API_ONLY = YES;
				CODE_SIGN_ENTITLEMENTS = ActivityTrackerWidget/ActivityTrackerWidget.entitlements;
				CODE_SIGN_STYLE = Automatic;
				CURRENT_PROJECT_VERSION = 1;
				DEVELOPMENT_TEAM = N6TT2NY4A5;
				GENERATE_INFOPLIST_FILE = NO;
				INFOPLIST_FILE = "Configuration/ActivityTrackerWidget-Info.plist";
				IPHONEOS_DEPLOYMENT_TARGET = 17.0;
				LD_RUNPATH_SEARCH_PATHS = (
					"$(inherited)",
					"@executable_path/Frameworks",
					"@executable_path/../../Frameworks",
				);
				MARKETING_VERSION = 1.0;
				PRODUCT_BUNDLE_IDENTIFIER = com.dutiheo.activitytracker.widget;
				PRODUCT_NAME = "$(TARGET_NAME)";
				SKIP_INSTALL = YES;
				STRING_CATALOG_GENERATE_SYMBOLS = YES;
				SWIFT_APPROACHABLE_CONCURRENCY = YES;
				SWIFT_DEFAULT_ACTOR_ISOLATION = MainActor;
				SWIFT_EMIT_LOC_STRINGS = YES;
				SWIFT_UPCOMING_FEATURE_MEMBER_IMPORT_VISIBILITY = YES;
				SWIFT_VERSION = 5.0;
				TARGETED_DEVICE_FAMILY = "1,2";
			};
			name = Debug;
		};
		A10000132FEA4E660006266B /* Release */ = {
			isa = XCBuildConfiguration;
			buildSettings = {
				APPLICATION_EXTENSION_API_ONLY = YES;
				CODE_SIGN_ENTITLEMENTS = ActivityTrackerWidget/ActivityTrackerWidget.entitlements;
				CODE_SIGN_STYLE = Automatic;
				CURRENT_PROJECT_VERSION = 1;
				DEVELOPMENT_TEAM = N6TT2NY4A5;
				GENERATE_INFOPLIST_FILE = NO;
				INFOPLIST_FILE = "Configuration/ActivityTrackerWidget-Info.plist";
				IPHONEOS_DEPLOYMENT_TARGET = 17.0;
				LD_RUNPATH_SEARCH_PATHS = (
					"$(inherited)",
					"@executable_path/Frameworks",
					"@executable_path/../../Frameworks",
				);
				MARKETING_VERSION = 1.0;
				PRODUCT_BUNDLE_IDENTIFIER = com.dutiheo.activitytracker.widget;
				PRODUCT_NAME = "$(TARGET_NAME)";
				SKIP_INSTALL = YES;
				STRING_CATALOG_GENERATE_SYMBOLS = YES;
				SWIFT_APPROACHABLE_CONCURRENCY = YES;
				SWIFT_DEFAULT_ACTOR_ISOLATION = MainActor;
				SWIFT_EMIT_LOC_STRINGS = YES;
				SWIFT_UPCOMING_FEATURE_MEMBER_IMPORT_VISIBILITY = YES;
				SWIFT_VERSION = 5.0;
				TARGETED_DEVICE_FAMILY = "1,2";
			};
			name = Release;
		};
/* End XCBuildConfiguration section */

/* Begin XCConfigurationList section */
		6DB029762FEA4E640006266B /* Build configuration list for PBXProject "StravaClone2" */ = {
			isa = XCConfigurationList;
			buildConfigurations = (
				6DB0299A2FEA4E660006266B /* Debug */,
				6DB0299B2FEA4E660006266B /* Release */,
			);
			defaultConfigurationIsVisible = 0;
			defaultConfigurationName = Release;
		};
		6DB0299C2FEA4E660006266B /* Build configuration list for PBXNativeTarget "StravaClone2" */ = {
			isa = XCConfigurationList;
			buildConfigurations = (
				6DB0299D2FEA4E660006266B /* Debug */,
				6DB0299E2FEA4E660006266B /* Release */,
			);
			defaultConfigurationIsVisible = 0;
			defaultConfigurationName = Release;
		};
		6DB0299F2FEA4E660006266B /* Build configuration list for PBXNativeTarget "StravaClone2Tests" */ = {
			isa = XCConfigurationList;
			buildConfigurations = (
				6DB029A02FEA4E660006266B /* Debug */,
				6DB029A12FEA4E660006266B /* Release */,
			);
			defaultConfigurationIsVisible = 0;
			defaultConfigurationName = Release;
		};
		6DB029A22FEA4E660006266B /* Build configuration list for PBXNativeTarget "StravaClone2UITests" */ = {
			isa = XCConfigurationList;
			buildConfigurations = (
				6DB029A32FEA4E660006266B /* Debug */,
				6DB029A42FEA4E660006266B /* Release */,
			);
			defaultConfigurationIsVisible = 0;
			defaultConfigurationName = Release;
		};
		A10000142FEA4E660006266B /* Build configuration list for PBXNativeTarget "ActivityTrackerWidget" */ = {
			isa = XCConfigurationList;
			buildConfigurations = (
				A10000122FEA4E660006266B /* Debug */,
				A10000132FEA4E660006266B /* Release */,
			);
			defaultConfigurationIsVisible = 0;
			defaultConfigurationName = Release;
		};
/* End XCConfigurationList section */
	};
	rootObject = 6DB029732FEA4E640006266B /* Project object */;
}
